hash: 1fbf4d157c463c597424c91f1587419d3bf953b0d9f3baced2117f5386574a72
updated: 2019-07-08T16:58:58.975412+01:00
imports:
- name: github.com/armon/go-metrics
  version: ec5e00d3c878b2a97bbe0884ef45ffd1b4f669f5
- name: github.com/buger/jsonparser
  version: bf1c66bbce23153d89b23f8960071a680dbef54b
- name: github.com/fsnotify/fsnotify
  version: 1485a34d5d5723fea214f5710708e19a831720e4
- name: github.com/go-log/log
  version: a514cf01a3eb56ec6aff9ae5663453d990e68ed3
  subpackages:
  - log
- name: github.com/golang/protobuf
  version: 6c65a5562fc06764971b7c5d05c76c75e84bdbf7
  subpackages:
  - jsonpb
  - proto
  - ptypes/struct
- name: github.com/google/uuid
  version: c2e93f3ae59f2904160ceaab466009f965df46d6
- name: github.com/hashicorp/consul
  version: a82e6a7fd33a0d05b9b871bcaf1d7595c9b8dedc
  subpackages:
  - api
- name: github.com/hashicorp/go-cleanhttp
  version: d3fcbee8e1810ecee4bdbf415f42f84cfd0e3361
- name: github.com/hashicorp/go-immutable-radix
  version: 0146a9aba1948ded4ed290cfd3fded2c15313f63
- name: github.com/hashicorp/go-rootcerts
  version: df8e78a645e18d56ed7bb9ae10ffb8174ab892e2
- name: github.com/hashicorp/golang-lru
  version: 59383c442f7d7b190497e9bb8fc17a48d06cd03f
  subpackages:
  - simplelru
- name: github.com/hashicorp/hcl
  version: cf7d376da96d9cecec7c7483cec2735efe54a410
  subpackages:
  - hcl/ast
  - hcl/parser
  - hcl/printer
  - hcl/scanner
  - hcl/strconv
  - hcl/token
  - json/parser
  - json/scanner
  - json/token
- name: github.com/hashicorp/serf
  version: 15cfd05de3dffb3664aa37b06e91f970b825e380
  subpackages:
  - coordinate
- name: github.com/Jeffail/gabs
  version: 636cf72d5e3c0ebad157af7c694469e7d89cec0f
- name: github.com/magiconair/properties
  version: de8848e004dd33dc07a2947b3d76f618a7fc7ef1
- name: github.com/micro/go-micro
  version: 4aa0192ebae9fe68686dea839c7a5ff288529efd
  subpackages:
  - broker
  - client
  - codec
  - codec/bytes
  - codec/grpc
  - codec/json
  - codec/jsonrpc
  - codec/proto
  - codec/protorpc
  - errors
  - metadata
  - registry
  - registry/cache
  - selector
  - server
  - server/debug
  - server/debug/proto
  - transport
  - util/addr
  - util/log
  - util/net
  - util/tls
- name: github.com/micro/mdns
  version: 02a83ef4d55d3d00fa7389f9927cdb49d762f4bc
- name: github.com/miekg/dns
  version: b13675009d59c97f3721247d9efa8914e1866a5b
- name: github.com/mitchellh/go-homedir
  version: af06845cf3004701891bf4fdb884bfe4920b3727
- name: github.com/mitchellh/hashstructure
  version: a38c50148365edc8df43c1580c48fb2b3a1e9cd7
- name: github.com/mitchellh/mapstructure
  version: 3536a929edddb9a5b34bd6861dc4a9647cb459fe
- name: github.com/moul/http2curl
  version: 47c06e753c699ec2871aa3e2c209a8adff67e0f3
- name: github.com/parnurzeal/gorequest
  version: b0604454e3c35c21d4c86e4771dc1e24c896cdd3
- name: github.com/pelletier/go-toml
  version: dba45d427ff48cfb9bcf633db3a8e43b7364e261
- name: github.com/pkg/errors
  version: 27936f6d90f9c8e1145f11ed52ffffbfdb9e0af7
- name: github.com/sipsynergy/proto-go
  version: d118ecc89be5090799ef3ec308530d03a41b5b34
  subpackages:
  - accounts_organisations
  - accounts_users
  - attribute
  - stypes/common
- name: github.com/spf13/afero
  version: 588a75ec4f32903aa5e39a2619ba6a4631e28424
  subpackages:
  - mem
- name: github.com/spf13/cast
  version: c01685bb8421cecb276fa517e91f757215f980b3
- name: github.com/spf13/jwalterweatherman
  version: 94f6ae3ed3bceceafa716478c5fbf8d29ca601a1
- name: github.com/spf13/pflag
  version: 24fa6976df40757dce6aea913e7b81ade90530e1
- name: github.com/spf13/viper
  version: b5bf975e5823809fb22c7644d008757f78a4259e
- name: golang.org/x/crypto
  version: 4def268fd1a49955bfb3dda92fe3db4f924f2285
  subpackages:
  - ed25519
  - ed25519/internal/edwards25519
- name: golang.org/x/net
  version: da137c7871d730100384dbcf36e6f8fa493aef5b
  subpackages:
  - bpf
  - context
  - html
  - html/atom
  - html/charset
  - http/httpguts
  - http2
  - http2/h2c
  - http2/hpack
  - idna
  - internal/iana
  - internal/socket
  - ipv4
  - ipv6
  - publicsuffix
- name: golang.org/x/sys
  version: 04f50cda93cbb67f2afa353c52f342100e80e625
  subpackages:
  - unix
  - windows
- name: golang.org/x/text
  version: 342b2e1fbaa52c93f31447ad2c6abc048c63e475
  subpackages:
  - encoding
  - encoding/charmap
  - encoding/htmlindex
  - encoding/internal
  - encoding/internal/identifier
  - encoding/japanese
  - encoding/korean
  - encoding/simplifiedchinese
  - encoding/traditionalchinese
  - encoding/unicode
  - internal/language
  - internal/language/compact
  - internal/tag
  - internal/utf8internal
  - language
  - runes
  - secure/bidirule
  - transform
  - unicode/bidi
  - unicode/norm
- name: gopkg.in/yaml.v2
  version: 51d6538a90f86fe93ac480b35f37b2be17fef232
testImports:
- name: github.com/hpcloud/tail
  version: a1dbeea552b7c8df4b542c66073e393de198a800
  subpackages:
  - ratelimiter
  - util
  - watch
  - winfile
- name: github.com/onsi/ginkgo
  version: 4cb744166b80afeec15fd0b4446c640a7688cd51
  subpackages:
  - config
  - internal/codelocation
  - internal/containernode
  - internal/failer
  - internal/leafnodes
  - internal/remote
  - internal/spec
  - internal/spec_iterator
  - internal/specrunner
  - internal/suite
  - internal/testingtproxy
  - internal/writer
  - reporters
  - reporters/stenographer
  - reporters/stenographer/support/go-colorable
  - reporters/stenographer/support/go-isatty
  - types
- name: github.com/onsi/gomega
  version: efe19c39ca106ee4ed42a1b25e1a80a53be4831a
  subpackages:
  - format
  - internal/assertion
  - internal/asyncassertion
  - internal/oraclematcher
  - internal/testingtsupport
  - matchers
  - matchers/support/goraph/bipartitegraph
  - matchers/support/goraph/edge
  - matchers/support/goraph/node
  - matchers/support/goraph/util
  - types
- name: gopkg.in/fsnotify/fsnotify.v1
  version: c2828203cd70a50dcccfb2761f8b1f8ceef9a8e9
- name: gopkg.in/tomb.v1
  version: c131134a1947e9afd9cecfe11f4c6dff0732ae58
